Microsoft Visual Studio Solution File, Format Version 11.00
# Visual Studio 2008

Project("{02E67F66-202F-035C-E5B8-7029CC85CA4B}") = "ColorPlatformer2", "Assembly-CSharp.csproj", "{05371669-E69A-92F3-80A2-0999CF8287C6}"
EndProject
Global
	GlobalSection(SolutionConfigurationPlatforms) = preSolution
		Debug|Any CPU = Debug|Any CPU
		Release|Any CPU = Release|Any CPU
	EndGlobalSection
	GlobalSection(ProjectConfigurationPlatforms) = postSolution
		{05371669-E69A-92F3-80A2-0999CF8287C6}.Debug|Any CPU.ActiveCfg = Debug|Any CPU
		{05371669-E69A-92F3-80A2-0999CF8287C6}.Debug|Any CPU.Build.0 = Debug|Any CPU
		{05371669-E69A-92F3-80A2-0999CF8287C6}.Release|Any CPU.ActiveCfg = Release|Any CPU
		{05371669-E69A-92F3-80A2-0999CF8287C6}.Release|Any CPU.Build.0 = Release|Any CPU
	EndGlobalSection
	GlobalSection(SolutionProperties) = preSolution
		HideSolutionNode = FALSE
	EndGlobalSection
																																																																																																								GlobalSection(MonoDevelopProperties) = preSolution
=======
																															GlobalSection(MonoDevelopProperties) = preSolution
>>>>>>> dd33b97f0d1b3e5392c0314e10038f2009bd05a6
=======
																											GlobalSection(MonoDevelopProperties) = preSolution
>>>>>>> 2c3cfda96c1a9c1baca8b0833b1f09b35701b6a0
		StartupItem = Assembly-CSharp.csproj
		Policies = $0
		$0.TextStylePolicy = $1
		$1.inheritsSet = null
		$1.scope = text/x-csharp
		$0.CSharpFormattingPolicy = $2
		$2.inheritsSet = Mono
		$2.inheritsScope = text/x-csharp
		$2.scope = text/x-csharp
		$0.TextStylePolicy = $3
		$3.FileWidth = 120
		$3.TabWidth = 4
		$3.EolMarker = Unix
		$3.inheritsSet = Mono
		$3.inheritsScope = text/plain
		$3.scope = text/plain
	EndGlobalSection

EndGlobal
